
Microsoft Visual Studio Solution File, Format Version 12.00
# Visual Studio Version 16
VisualStudioVersion = 16.0.31112.23
MinimumVisualStudioVersion = 10.0.40219.1
Project("{8BC9CEB8-8B4A-11D0-8D11-00A0C91BC942}") = "OGL", "OGL\OGL.vcxproj", "{C72754FD-698E-49CB-A55D-4480AC380737}"
EndProject
Global
	GlobalSection(SolutionConfigurationPlatforms) = preSolution
		Debug|x64 = Debug|x64
		Debug|x86 = Debug|x86
		Release|x64 = Release|x64
		Release|x86 = Release|x86
	EndGlobalSection
	GlobalSection(ProjectConfigurationPlatforms) = postSolution
		{C72754FD-698E-49CB-A55D-4480AC380737}.Debug|x64.ActiveCfg = Debug|x64
		{C72754FD-698E-49CB-A55D-4480AC380737}.Debug|x64.Build.0 = Debug|x64
		{C72754FD-698E-49CB-A55D-4480AC380737}.Debug|x86.ActiveCfg = Debug|Win32
		{C72754FD-698E-49CB-A55D-4480AC380737}.Debug|x86.Build.0 = Debug|Win32
		{C72754FD-698E-49CB-A55D-4480AC380737}.Release|x64.ActiveCfg = Release|x64
		{C72754FD-698E-49CB-A55D-4480AC380737}.Release|x64.Build.0 = Release|x64
		{C72754FD-698E-49CB-A55D-4480AC380737}.Release|x86.ActiveCfg = Release|Win32
		{C72754FD-698E-49CB-A55D-4480AC380737}.Release|x86.Build.0 = Release|Win32
	EndGlobalSection
	GlobalSection(SolutionProperties) = preSolution
		HideSolutionNode = FALSE
	EndGlobalSection
	GlobalSection(ExtensibilityGlobals) = postSolution
		SolutionGuid = {36F94579-B2D9-45B9-98DC-6B44FB941B34}
	EndGlobalSection
EndGlobal
