
Microsoft Visual Studio Solution File, Format Version 12.00
# Visual Studio 15
VisualStudioVersion = 15.0.28307.1433
MinimumVisualStudioVersion = 10.0.40219.1
Project("{FAE04EC0-301F-11D3-BF4B-00C04F79EFBC}") = "lab2", "lab2.csproj", "{08AB4932-B1F2-4169-BE65-AE4DA01F22AD}"
EndProject
Global
	GlobalSection(SolutionConfigurationPlatforms) = preSolution
		Debug|Any CPU = Debug|Any CPU
		Release|Any CPU = Release|Any CPU
	EndGlobalSection
	GlobalSection(ProjectConfigurationPlatforms) = postSolution
		{08AB4932-B1F2-4169-BE65-AE4DA01F22AD}.Debug|Any CPU.ActiveCfg = Debug|Any CPU
		{08AB4932-B1F2-4169-BE65-AE4DA01F22AD}.Debug|Any CPU.Build.0 = Debug|Any CPU
		{08AB4932-B1F2-4169-BE65-AE4DA01F22AD}.Release|Any CPU.ActiveCfg = Release|Any CPU
		{08AB4932-B1F2-4169-BE65-AE4DA01F22AD}.Release|Any CPU.Build.0 = Release|Any CPU
	EndGlobalSection
	GlobalSection(SolutionProperties) = preSolution
		HideSolutionNode = FALSE
	EndGlobalSection
	GlobalSection(ExtensibilityGlobals) = postSolution
		SolutionGuid = {7927DFB9-8051-4EB3-BCAE-2916A9B09D4C}
	EndGlobalSection
EndGlobal
